{
  "version": 4,
  "terraform_version": "1.2.9",
  "serial": 46,
  "lineage": "88bb01b0-0520-0a88-2f65-c895e3c6e0bb",
  "outputs": {
    "terraform-first-repo-reponame": {
      "value": "imsny28/terraform-first-repo",
      "type": "string"
    },
    "terraform-first-repo-url": {
      "value": "https://github.com/imsny28/terraform-first-repo.git",
      "type": "string"
    }
  },
  "resources": [
    {
      "mode": "managed",
      "type": "github_repository",
      "name": "terraform_first_repo",
      "provider": "provider[\"registry.terraform.io/hashicorp/github\"]",
      "instances": [
        {
          "schema_version": 0,
          "attributes": {
            "allow_auto_merge": false,
            "allow_merge_commit": true,
            "allow_rebase_merge": true,
            "allow_squash_merge": true,
            "archive_on_destroy": null,
            "archived": false,
            "auto_init": true,
            "default_branch": "main",
            "delete_branch_on_merge": false,
            "description": "",
            "etag": "W/\"db23706463ad5e8d3fc038a89b096f12a72d558e5941ea4d5ef0701cdddbe170\"",
            "full_name": "imsny28/terraform-first-repo",
            "git_clone_url": "git://github.com/imsny28/terraform-first-repo.git",
            "gitignore_template": null,
            "has_downloads": false,
            "has_issues": false,
            "has_projects": false,
            "has_wiki": false,
            "homepage_url": "",
            "html_url": "https://github.com/imsny28/terraform-first-repo",
            "http_clone_url": "https://github.com/imsny28/terraform-first-repo.git",
            "id": "terraform-first-repo",
            "ignore_vulnerability_alerts_during_read": null,
            "is_template": false,
            "license_template": null,
            "merge_commit_message": "PR_TITLE",
            "merge_commit_title": "MERGE_MESSAGE",
            "name": "terraform-first-repo",
            "node_id": "R_kgDOIBENjw",
            "pages": [],
            "private": false,
            "repo_id": 537988495,
            "squash_merge_commit_message": "COMMIT_MESSAGES",
            "squash_merge_commit_title": "COMMIT_OR_PR_TITLE",
            "ssh_clone_url": "git@github.com:imsny28/terraform-first-repo.git",
            "svn_url": "https://github.com/imsny28/terraform-first-repo",
            "template": [],
            "topics": [],
            "visibility": "public",
            "vulnerability_alerts": false
          },
          "sensitive_attributes": [],
          "private": "bnVsbA=="
        }
      ]
    }
  ]
}
